
Microsoft Visual Studio Solution File, Format Version 12.00
# Visual Studio Version 16
VisualStudioVersion = 16.0.30104.148
MinimumVisualStudioVersion = 10.0.40219.1
Project("{FAE04EC0-301F-11D3-BF4B-00C04F79EFBC}") = "Curso", "Curso\Curso.csproj", "{B1227467-5173-4C70-BBCA-B0542EE0C789}"
EndProject
Global
	GlobalSection(SolutionConfigurationPlatforms) = preSolution
		Debug|Any CPU = Debug|Any CPU
		Release|Any CPU = Release|Any CPU
	EndGlobalSection
	GlobalSection(ProjectConfigurationPlatforms) = postSolution
		{B1227467-5173-4C70-BBCA-B0542EE0C789}.Debug|Any CPU.ActiveCfg = Debug|Any CPU
		{B1227467-5173-4C70-BBCA-B0542EE0C789}.Debug|Any CPU.Build.0 = Debug|Any CPU
		{B1227467-5173-4C70-BBCA-B0542EE0C789}.Release|Any CPU.ActiveCfg = Release|Any CPU
		{B1227467-5173-4C70-BBCA-B0542EE0C789}.Release|Any CPU.Build.0 = Release|Any CPU
	EndGlobalSection
	GlobalSection(SolutionProperties) = preSolution
		HideSolutionNode = FALSE
	EndGlobalSection
	GlobalSection(ExtensibilityGlobals) = postSolution
		SolutionGuid = {39FD9AD4-3DE3-45C6-B2BB-CA4C0FE49D4D}
	EndGlobalSection
EndGlobal
